Microsoft Visual Studio Solution File, Format Version 12.00
# Visual Studio Version 17
VisualStudioVersion = 17.5.2.0
MinimumVisualStudioVersion = 10.0.40219.1
Project("{FAE04EC0-301F-11D3-BF4B-00C04F79EFBC}") = "NetworkOutageDetector", "NetworkOutageDetector\NetworkOutageDetector.csproj", "{B675029A-D742-0236-E80E-A68444B34537}"
EndProject
Global
	GlobalSection(SolutionConfigurationPlatforms) = preSolution
		Debug|Any CPU = Debug|Any CPU
		Release|Any CPU = Release|Any CPU
	EndGlobalSection
	GlobalSection(ProjectConfigurationPlatforms) = postSolution
		{B675029A-D742-0236-E80E-A68444B34537}.Debug|Any CPU.ActiveCfg = Debug|Any CPU
		{B675029A-D742-0236-E80E-A68444B34537}.Debug|Any CPU.Build.0 = Debug|Any CPU
		{B675029A-D742-0236-E80E-A68444B34537}.Release|Any CPU.ActiveCfg = Release|Any CPU
		{B675029A-D742-0236-E80E-A68444B34537}.Release|Any CPU.Build.0 = Release|Any CPU
	EndGlobalSection
	GlobalSection(SolutionProperties) = preSolution
		HideSolutionNode = FALSE
	EndGlobalSection
	GlobalSection(ExtensibilityGlobals) = postSolution
		SolutionGuid = {49559AA1-4858-4085-8EB1-4D9F73F990B2}
	EndGlobalSection
EndGlobal
